dependencies:
- name: postgresql
  repository: oci://docker.graphaware.com/public/bitnami
  version: 12.1.5
- name: postgresql
  repository: oci://docker.graphaware.com/public/bitnami
  version: 12.1.5
- name: kafka
  repository: oci://docker.graphaware.com/public/bitnami
  version: 22.1.4
digest: sha256:9dcd7e86abd16ce9d2f3389a1f90db0e669ae8d6720320dde28979f99438d5a3
generated: "2025-08-04T11:07:35.986019+02:00"
