dependencies:
- name: postgresql
  repository: oci://registry-1.docker.io/bitnamicharts
  version: 12.1.5
- name: postgresql
  repository: oci://registry-1.docker.io/bitnamicharts
  version: 12.1.5
- name: kafka
  repository: oci://registry-1.docker.io/bitnamicharts
  version: 22.1.4
digest: sha256:fc0735ac65dce7dfba945fedbef15a38f5f728311566345ae5b11e49850e4d4b
generated: "2025-07-21T18:49:19.704136+02:00"
