dependencies:
- name: postgresql
  repository: https://charts.bitnami.com/bitnami
  version: 12.1.5
- name: postgresql
  repository: https://charts.bitnami.com/bitnami
  version: 12.1.5
- name: kafka
  repository: https://charts.bitnami.com/bitnami
  version: 22.1.4
digest: sha256:c6e55c2bf057cb5835f983586e278884c9496b801efebc0cc6f834d5d6f2de05
generated: "2023-06-13T15:25:16.125061+02:00"
