dependencies:
- name: postgresql
  repository: https://charts.bitnami.com/bitnami
  version: 12.1.5
- name: postgresql
  repository: https://charts.bitnami.com/bitnami
  version: 12.1.5
- name: postgresql
  repository: https://charts.bitnami.com/bitnami
  version: 12.1.5
- name: keycloak
  repository: https://charts.bitnami.com/bitnami
  version: 13.0.4
- name: neo4j-standalone
  repository: https://helm.neo4j.com/neo4j
  version: 4.4.17
digest: sha256:46aeb1efc7e32fdb648b18f8ccbc0251d95333cbbb167acb8ffbe07746b4ecb5
generated: "2023-02-10T22:46:14.120288+01:00"
