dependencies:
- name: postgresql
  repository: https://charts.bitnami.com/bitnami
  version: 12.1.5
- name: postgresql
  repository: https://charts.bitnami.com/bitnami
  version: 12.1.5
- name: postgresql
  repository: https://charts.bitnami.com/bitnami
  version: 12.1.5
- name: postgresql
  repository: https://charts.bitnami.com/bitnami
  version: 12.1.5
- name: keycloak
  repository: https://charts.bitnami.com/bitnami
  version: 13.1.1
- name: hume-alerting
  repository: oci://docker.graphaware.com/public
  version: 2.26.0-SNAPSHOT
digest: sha256:7abead00be92ddb31cb6e66f235a90609dfc1622edac01d12145bf5b903a5776
generated: "2025-01-22T19:53:14.679215+01:00"
